
Microsoft Visual Studio Solution File, Format Version 11.00
# Visual Studio 2010
Project("{FAE04EC0-301F-11D3-BF4B-00C04F79EFBC}") = "ADLER", "ADLER\ADLER.csproj", "{9F097FAF-6AD6-44A4-9803-6AF41DBD1B6F}"
EndProject
Project("{FAE04EC0-301F-11D3-BF4B-00C04F79EFBC}") = "ADLeR.Test", "ADLeR.Test\ADLeR.Test.csproj", "{68DA8CBA-5F40-4C40-B0CC-4BA43A4803E2}"
EndProject
Global
	GlobalSection(SolutionConfigurationPlatforms) = preSolution
		Debug|Any CPU = Debug|Any CPU
		Release|Any CPU = Release|Any CPU
	EndGlobalSection
	GlobalSection(ProjectConfigurationPlatforms) = postSolution
		{9F097FAF-6AD6-44A4-9803-6AF41DBD1B6F}.Debug|Any CPU.ActiveCfg = Debug|Any CPU
		{9F097FAF-6AD6-44A4-9803-6AF41DBD1B6F}.Debug|Any CPU.Build.0 = Debug|Any CPU
		{9F097FAF-6AD6-44A4-9803-6AF41DBD1B6F}.Release|Any CPU.ActiveCfg = Release|Any CPU
		{9F097FAF-6AD6-44A4-9803-6AF41DBD1B6F}.Release|Any CPU.Build.0 = Release|Any CPU
		{68DA8CBA-5F40-4C40-B0CC-4BA43A4803E2}.Debug|Any CPU.ActiveCfg = Debug|Any CPU
		{68DA8CBA-5F40-4C40-B0CC-4BA43A4803E2}.Debug|Any CPU.Build.0 = Debug|Any CPU
		{68DA8CBA-5F40-4C40-B0CC-4BA43A4803E2}.Release|Any CPU.ActiveCfg = Release|Any CPU
		{68DA8CBA-5F40-4C40-B0CC-4BA43A4803E2}.Release|Any CPU.Build.0 = Release|Any CPU
	EndGlobalSection
	GlobalSection(SolutionProperties) = preSolution
		HideSolutionNode = FALSE
	EndGlobalSection
EndGlobal
